
Microsoft Visual Studio Solution File, Format Version 11.00
# Visual Studio 2010
Project("{2150E333-8FDC-42A3-9474-1A3956D46DE8}") = "Deployment", "Deployment", "{9E501353-A861-48B1-B1EC-041E3CDDD01F}"
EndProject
Project("{2150E333-8FDC-42A3-9474-1A3956D46DE8}") = "Test", "Test", "{9A39A404-2832-40A5-8CE7-A7EFDE2FA6B2}"
EndProject
Project("{2150E333-8FDC-42A3-9474-1A3956D46DE8}") = "Source", "Source", "{564671DA-7628-43F3-8E35-C58836BECB1D}"
EndProject
Project("{2150E333-8FDC-42A3-9474-1A3956D46DE8}") = "Presentation", "Presentation", "{5E24B40E-7574-4525-8CFD-3A3E3389FC1F}"
EndProject
Project("{FAE04EC0-301F-11D3-BF4B-00C04F79EFBC}") = "DevBridge.Templates.WebProject.DatabaseChanges", "DevBridge.Templates.WebProject.DatabaseChanges\DevBridge.Templates.WebProject.DatabaseChanges.csproj", "{6BD15E13-0BAD-4837-8056-A8C9713FD347}"
EndProject
Project("{FAE04EC0-301F-11D3-BF4B-00C04F79EFBC}") = "DevBridge.Templates.WebProject.Environments", "DevBridge.Templates.WebProject.Environments\DevBridge.Templates.WebProject.Environments.csproj", "{A751E4C8-BD87-46B9-A437-1BBB73963919}"
EndProject
Project("{FAE04EC0-301F-11D3-BF4B-00C04F79EFBC}") = "DevBridge.Templates.WebProject.Web", "DevBridge.Templates.WebProject.Web\DevBridge.Templates.WebProject.Web.csproj", "{07A68F5F-9F2C-4567-B096-FE9063D5A9BB}"
EndProject
Project("{FAE04EC0-301F-11D3-BF4B-00C04F79EFBC}") = "DevBridge.Templates.WebProject.Tests", "DevBridge.Templates.WebProject.Tests\DevBridge.Templates.WebProject.Tests.csproj", "{00B3D466-199F-4B36-B145-5D208E8A39F2}"
EndProject
Project("{2150E333-8FDC-42A3-9474-1A3956D46DE8}") = "Business", "Business", "{C3535A05-6E38-4E6E-9654-03C5BA3F0AC2}"
EndProject
Project("{2150E333-8FDC-42A3-9474-1A3956D46DE8}") = "Data", "Data", "{12F05EF0-CAFF-4E74-962C-8B817A362E33}"
EndProject
Project("{FAE04EC0-301F-11D3-BF4B-00C04F79EFBC}") = "DevBridge.Templates.WebProject.ServiceContracts", "DevBridge.Templates.WebProject.ServiceContracts\DevBridge.Templates.WebProject.ServiceContracts.csproj", "{0F01C633-D2BC-4DE5-951D-66D4B4AF082C}"
EndProject
Project("{FAE04EC0-301F-11D3-BF4B-00C04F79EFBC}") = "DevBridge.Templates.WebProject.Services", "DevBridge.Templates.WebProject.Services\DevBridge.Templates.WebProject.Services.csproj", "{54395C2E-F793-4BAB-B21E-FD43B374DB49}"
EndProject
Project("{FAE04EC0-301F-11D3-BF4B-00C04F79EFBC}") = "DevBridge.Templates.WebProject.DataEntities", "DevBridge.Templates.WebProject.DataEntities\DevBridge.Templates.WebProject.DataEntities.csproj", "{44EB262A-2060-4906-B5B1-722F9BB1775B}"
EndProject
Project("{FAE04EC0-301F-11D3-BF4B-00C04F79EFBC}") = "DevBridge.Templates.WebProject.DataContracts", "DevBridge.Templates.WebProject.DataContracts\DevBridge.Templates.WebProject.DataContracts.csproj", "{0A9661C0-67DD-43C7-99EF-337CE3BFD124}"
EndProject
Project("{FAE04EC0-301F-11D3-BF4B-00C04F79EFBC}") = "DevBridge.Templates.WebProject.Data", "DevBridge.Templates.WebProject.Data\DevBridge.Templates.WebProject.Data.csproj", "{2C22D2A2-40E5-4475-9DC9-48B6B0D0D2EF}"
EndProject
Project("{FAE04EC0-301F-11D3-BF4B-00C04F79EFBC}") = "DevBridge.Templates.WebProject.Common", "DevBridge.Templates.WebProject.Common\DevBridge.Templates.WebProject.Common.csproj", "{086F6C7D-DA91-402C-8DDC-15E9A687A4E6}"
EndProject
Project("{2150E333-8FDC-42A3-9474-1A3956D46DE8}") = "Version", "Version", "{D44D6C30-636B-4E49-BFF5-704B814E6420}"
	ProjectSection(SolutionItems) = preProject
		AssemblyVersion.cs = AssemblyVersion.cs
	EndProjectSection
EndProject
Global
	GlobalSection(SolutionConfigurationPlatforms) = preSolution
		Debug|Any CPU = Debug|Any CPU
		Release|Any CPU = Release|Any CPU
	EndGlobalSection
	GlobalSection(ProjectConfigurationPlatforms) = postSolution
		{6BD15E13-0BAD-4837-8056-A8C9713FD347}.Debug|Any CPU.ActiveCfg = Debug|Any CPU
		{6BD15E13-0BAD-4837-8056-A8C9713FD347}.Debug|Any CPU.Build.0 = Debug|Any CPU
		{6BD15E13-0BAD-4837-8056-A8C9713FD347}.Release|Any CPU.ActiveCfg = Release|Any CPU
		{6BD15E13-0BAD-4837-8056-A8C9713FD347}.Release|Any CPU.Build.0 = Release|Any CPU
		{A751E4C8-BD87-46B9-A437-1BBB73963919}.Debug|Any CPU.ActiveCfg = Debug|Any CPU
		{A751E4C8-BD87-46B9-A437-1BBB73963919}.Debug|Any CPU.Build.0 = Debug|Any CPU
		{A751E4C8-BD87-46B9-A437-1BBB73963919}.Release|Any CPU.ActiveCfg = Release|Any CPU
		{A751E4C8-BD87-46B9-A437-1BBB73963919}.Release|Any CPU.Build.0 = Release|Any CPU
		{07A68F5F-9F2C-4567-B096-FE9063D5A9BB}.Debug|Any CPU.ActiveCfg = Debug|Any CPU
		{07A68F5F-9F2C-4567-B096-FE9063D5A9BB}.Debug|Any CPU.Build.0 = Debug|Any CPU
		{07A68F5F-9F2C-4567-B096-FE9063D5A9BB}.Release|Any CPU.ActiveCfg = Release|Any CPU
		{07A68F5F-9F2C-4567-B096-FE9063D5A9BB}.Release|Any CPU.Build.0 = Release|Any CPU
		{00B3D466-199F-4B36-B145-5D208E8A39F2}.Debug|Any CPU.ActiveCfg = Debug|Any CPU
		{00B3D466-199F-4B36-B145-5D208E8A39F2}.Debug|Any CPU.Build.0 = Debug|Any CPU
		{00B3D466-199F-4B36-B145-5D208E8A39F2}.Release|Any CPU.ActiveCfg = Release|Any CPU
		{00B3D466-199F-4B36-B145-5D208E8A39F2}.Release|Any CPU.Build.0 = Release|Any CPU
		{0F01C633-D2BC-4DE5-951D-66D4B4AF082C}.Debug|Any CPU.ActiveCfg = Debug|Any CPU
		{0F01C633-D2BC-4DE5-951D-66D4B4AF082C}.Debug|Any CPU.Build.0 = Debug|Any CPU
		{0F01C633-D2BC-4DE5-951D-66D4B4AF082C}.Release|Any CPU.ActiveCfg = Release|Any CPU
		{0F01C633-D2BC-4DE5-951D-66D4B4AF082C}.Release|Any CPU.Build.0 = Release|Any CPU
		{54395C2E-F793-4BAB-B21E-FD43B374DB49}.Debug|Any CPU.ActiveCfg = Debug|Any CPU
		{54395C2E-F793-4BAB-B21E-FD43B374DB49}.Debug|Any CPU.Build.0 = Debug|Any CPU
		{54395C2E-F793-4BAB-B21E-FD43B374DB49}.Release|Any CPU.ActiveCfg = Release|Any CPU
		{54395C2E-F793-4BAB-B21E-FD43B374DB49}.Release|Any CPU.Build.0 = Release|Any CPU
		{44EB262A-2060-4906-B5B1-722F9BB1775B}.Debug|Any CPU.ActiveCfg = Debug|Any CPU
		{44EB262A-2060-4906-B5B1-722F9BB1775B}.Debug|Any CPU.Build.0 = Debug|Any CPU
		{44EB262A-2060-4906-B5B1-722F9BB1775B}.Release|Any CPU.ActiveCfg = Release|Any CPU
		{44EB262A-2060-4906-B5B1-722F9BB1775B}.Release|Any CPU.Build.0 = Release|Any CPU
		{0A9661C0-67DD-43C7-99EF-337CE3BFD124}.Debug|Any CPU.ActiveCfg = Debug|Any CPU
		{0A9661C0-67DD-43C7-99EF-337CE3BFD124}.Debug|Any CPU.Build.0 = Debug|Any CPU
		{0A9661C0-67DD-43C7-99EF-337CE3BFD124}.Release|Any CPU.ActiveCfg = Release|Any CPU
		{0A9661C0-67DD-43C7-99EF-337CE3BFD124}.Release|Any CPU.Build.0 = Release|Any CPU
		{2C22D2A2-40E5-4475-9DC9-48B6B0D0D2EF}.Debug|Any CPU.ActiveCfg = Debug|Any CPU
		{2C22D2A2-40E5-4475-9DC9-48B6B0D0D2EF}.Debug|Any CPU.Build.0 = Debug|Any CPU
		{2C22D2A2-40E5-4475-9DC9-48B6B0D0D2EF}.Release|Any CPU.ActiveCfg = Release|Any CPU
		{2C22D2A2-40E5-4475-9DC9-48B6B0D0D2EF}.Release|Any CPU.Build.0 = Release|Any CPU
		{086F6C7D-DA91-402C-8DDC-15E9A687A4E6}.Debug|Any CPU.ActiveCfg = Debug|Any CPU
		{086F6C7D-DA91-402C-8DDC-15E9A687A4E6}.Debug|Any CPU.Build.0 = Debug|Any CPU
		{086F6C7D-DA91-402C-8DDC-15E9A687A4E6}.Release|Any CPU.ActiveCfg = Release|Any CPU
		{086F6C7D-DA91-402C-8DDC-15E9A687A4E6}.Release|Any CPU.Build.0 = Release|Any CPU
	EndGlobalSection
	GlobalSection(SolutionProperties) = preSolution
		HideSolutionNode = FALSE
	EndGlobalSection
	GlobalSection(NestedProjects) = preSolution
		{6BD15E13-0BAD-4837-8056-A8C9713FD347} = {9E501353-A861-48B1-B1EC-041E3CDDD01F}
		{A751E4C8-BD87-46B9-A437-1BBB73963919} = {9E501353-A861-48B1-B1EC-041E3CDDD01F}
		{00B3D466-199F-4B36-B145-5D208E8A39F2} = {9A39A404-2832-40A5-8CE7-A7EFDE2FA6B2}
		{5E24B40E-7574-4525-8CFD-3A3E3389FC1F} = {564671DA-7628-43F3-8E35-C58836BECB1D}
		{C3535A05-6E38-4E6E-9654-03C5BA3F0AC2} = {564671DA-7628-43F3-8E35-C58836BECB1D}
		{12F05EF0-CAFF-4E74-962C-8B817A362E33} = {564671DA-7628-43F3-8E35-C58836BECB1D}
		{07A68F5F-9F2C-4567-B096-FE9063D5A9BB} = {5E24B40E-7574-4525-8CFD-3A3E3389FC1F}
		{086F6C7D-DA91-402C-8DDC-15E9A687A4E6} = {5E24B40E-7574-4525-8CFD-3A3E3389FC1F}
		{0F01C633-D2BC-4DE5-951D-66D4B4AF082C} = {C3535A05-6E38-4E6E-9654-03C5BA3F0AC2}
		{54395C2E-F793-4BAB-B21E-FD43B374DB49} = {C3535A05-6E38-4E6E-9654-03C5BA3F0AC2}
		{44EB262A-2060-4906-B5B1-722F9BB1775B} = {12F05EF0-CAFF-4E74-962C-8B817A362E33}
		{0A9661C0-67DD-43C7-99EF-337CE3BFD124} = {12F05EF0-CAFF-4E74-962C-8B817A362E33}
		{2C22D2A2-40E5-4475-9DC9-48B6B0D0D2EF} = {12F05EF0-CAFF-4E74-962C-8B817A362E33}
	EndGlobalSection
	GlobalSection(ExtensibilityGlobals) = postSolution
		EnterpriseLibraryConfigurationToolBinariesPath = packages\Unity.2.1.505.0\lib\NET35
	EndGlobalSection
EndGlobal
